
Microsoft Visual Studio Solution File, Format Version 12.00
# Visual Studio Version 16
VisualStudioVersion = 25.0.1706.1
MinimumVisualStudioVersion = 10.0.40219.1
Project("{FAE04EC0-301F-11D3-BF4B-00C04F79EFBC}") = "FamilyTicketSupportSystem", "FamilyTicketSupportSystem.csproj", "{3C851034-6C14-4322-AEB8-3FD7F0572905}"
EndProject
Global
	GlobalSection(SolutionConfigurationPlatforms) = preSolution
		Debug|Any CPU = Debug|Any CPU
		Release|Any CPU = Release|Any CPU
	EndGlobalSection
	GlobalSection(ProjectConfigurationPlatforms) = postSolution
		{3C851034-6C14-4322-AEB8-3FD7F0572905}.Debug|Any CPU.ActiveCfg = Debug|Any CPU
		{3C851034-6C14-4322-AEB8-3FD7F0572905}.Debug|Any CPU.Build.0 = Debug|Any CPU
		{3C851034-6C14-4322-AEB8-3FD7F0572905}.Release|Any CPU.ActiveCfg = Release|Any CPU
		{3C851034-6C14-4322-AEB8-3FD7F0572905}.Release|Any CPU.Build.0 = Release|Any CPU
	EndGlobalSection
	GlobalSection(SolutionProperties) = preSolution
		HideSolutionNode = FALSE
	EndGlobalSection
	GlobalSection(ExtensibilityGlobals) = postSolution
		SolutionGuid = {238BA294-37EB-472D-8B5D-63375EC76334}
	EndGlobalSection
EndGlobal
